
Microsoft Visual Studio Solution File, Format Version 12.00
# Visual Studio Version 17
VisualStudioVersion = 17.7.34018.315
MinimumVisualStudioVersion = 10.0.40219.1
Project("{8BC9CEB8-8B4A-11D0-8D11-00A0C91BC942}") = "SFML_TMP", "SFML_TMP\SFML_TMP.vcxproj", "{2ACD152F-E50F-4CF5-97F4-4BF5B53ACD51}"
EndProject
Global
	GlobalSection(SolutionConfigurationPlatforms) = preSolution
		Debug|x64 = Debug|x64
		Debug|x86 = Debug|x86
		Release|x64 = Release|x64
		Release|x86 = Release|x86
	EndGlobalSection
	GlobalSection(ProjectConfigurationPlatforms) = postSolution
		{2ACD152F-E50F-4CF5-97F4-4BF5B53ACD51}.Debug|x64.ActiveCfg = Debug|x64
		{2ACD152F-E50F-4CF5-97F4-4BF5B53ACD51}.Debug|x64.Build.0 = Debug|x64
		{2ACD152F-E50F-4CF5-97F4-4BF5B53ACD51}.Debug|x86.ActiveCfg = Debug|Win32
		{2ACD152F-E50F-4CF5-97F4-4BF5B53ACD51}.Debug|x86.Build.0 = Debug|Win32
		{2ACD152F-E50F-4CF5-97F4-4BF5B53ACD51}.Release|x64.ActiveCfg = Release|x64
		{2ACD152F-E50F-4CF5-97F4-4BF5B53ACD51}.Release|x64.Build.0 = Release|x64
		{2ACD152F-E50F-4CF5-97F4-4BF5B53ACD51}.Release|x86.ActiveCfg = Release|Win32
		{2ACD152F-E50F-4CF5-97F4-4BF5B53ACD51}.Release|x86.Build.0 = Release|Win32
	EndGlobalSection
	GlobalSection(SolutionProperties) = preSolution
		HideSolutionNode = FALSE
	EndGlobalSection
	GlobalSection(ExtensibilityGlobals) = postSolution
		SolutionGuid = {058DECD8-8DB5-46E2-9CAA-BC163FD1D1A2}
	EndGlobalSection
EndGlobal
